
Microsoft Visual Studio Solution File, Format Version 12.00
# Visual Studio Version 16
VisualStudioVersion = 16.0.30413.136
MinimumVisualStudioVersion = 10.0.40219.1
Project("{9A19103F-16F7-4668-BE54-9A1E7A4F7556}") = "HelloWorld", "HelloWorld.csproj", "{367CA8D9-FC33-4485-9D65-4A3D6613195A}"
EndProject
Project("{9A19103F-16F7-4668-BE54-9A1E7A4F7556}") = "WebApplication1", "..\WebApplication1\WebApplication1.csproj", "{40A263C8-01AA-4A5B-82A7-79C73C8B9B1E}"
EndProject
Global
	GlobalSection(SolutionConfigurationPlatforms) = preSolution
		Debug|Any CPU = Debug|Any CPU
		Release|Any CPU = Release|Any CPU
	EndGlobalSection
	GlobalSection(ProjectConfigurationPlatforms) = postSolution
		{367CA8D9-FC33-4485-9D65-4A3D6613195A}.Debug|Any CPU.ActiveCfg = Debug|Any CPU
		{367CA8D9-FC33-4485-9D65-4A3D6613195A}.Debug|Any CPU.Build.0 = Debug|Any CPU
		{367CA8D9-FC33-4485-9D65-4A3D6613195A}.Release|Any CPU.ActiveCfg = Release|Any CPU
		{367CA8D9-FC33-4485-9D65-4A3D6613195A}.Release|Any CPU.Build.0 = Release|Any CPU
		{40A263C8-01AA-4A5B-82A7-79C73C8B9B1E}.Debug|Any CPU.ActiveCfg = Debug|Any CPU
		{40A263C8-01AA-4A5B-82A7-79C73C8B9B1E}.Debug|Any CPU.Build.0 = Debug|Any CPU
		{40A263C8-01AA-4A5B-82A7-79C73C8B9B1E}.Release|Any CPU.ActiveCfg = Release|Any CPU
		{40A263C8-01AA-4A5B-82A7-79C73C8B9B1E}.Release|Any CPU.Build.0 = Release|Any CPU
	EndGlobalSection
	GlobalSection(SolutionProperties) = preSolution
		HideSolutionNode = FALSE
	EndGlobalSection
	GlobalSection(ExtensibilityGlobals) = postSolution
		SolutionGuid = {2313EE25-E8FF-40F8-A4D9-324BB31DA787}
	EndGlobalSection
EndGlobal
